<?xml version="1.0" encoding="utf-8"?>
<Project ToolsVersion="4.0" xmlns="http://schemas.microsoft.com/developer/msbuild/2003">
  <ItemGroup>
    <Filter Include="Source Files">
      <UniqueIdentifier>{4FC737F1-C7A5-4376-A066-2A32D752A2FF}</UniqueIdentifier>
      <Extensions>qml;cpp;c;cc;cxx;def;odl;idl;hpj;bat;asm;asmx</Extensions>
    </Filter>
    <Filter Include="Header Files">
      <UniqueIdentifier>{93995380-89BD-4b04-88EB-625FBE52EBFB}</UniqueIdentifier>
      <Extensions>h;hh;hpp;hxx;hm;inl;inc;xsd</Extensions>
    </Filter>
    <Filter Include="Resource Files">
      <UniqueIdentifier>{67DA6AB6-F800-4c08-8B7A-83BB121AAD01}</UniqueIdentifier>
      <Extensions>qrc;rc;ico;cur;bmp;dlg;rc2;rct;bin;rgs;gif;jpg;jpeg;jpe;resx;tiff;tif;png;wav;mfcribbon-ms</Extensions>
    </Filter>
    <Filter Include="Form Files">
      <UniqueIdentifier>{99349809-55BA-4b9d-BF79-8FDBB0286EB3}</UniqueIdentifier>
      <Extensions>ui</Extensions>
    </Filter>
    <Filter Include="Translation Files">
      <UniqueIdentifier>{639EADAA-A684-42e4-A9AD-28FC9BCB8F7C}</UniqueIdentifier>
      <Extensions>ts</Extensions>
    </Filter>
  </ItemGroup>
  <ItemGroup>
    <QtRcc Include="Resources\NexUs.qrc">
      <Filter>Resource Files</Filter>
    </QtRcc>
    <QtRcc Include="NexUs.qrc">
      <Filter>Resource Files</Filter>
    </QtRcc>
  </ItemGroup>
  <ItemGroup>
    <ClCompile Include="Example\main.cpp">
      <Filter>Source Files</Filter>
    </ClCompile>
    <ClCompile Include="Source\NXAdvancedToolButton.cpp">
      <Filter>Source Files</Filter>
    </ClCompile>
    <ClCompile Include="Source\NXAESEncryption.cpp">
      <Filter>Source Files</Filter>
    </ClCompile>
    <ClCompile Include="Source\NXAppBar.cpp">
      <Filter>Source Files</Filter>
    </ClCompile>
    <ClCompile Include="Source\NXApplication.cpp">
      <Filter>Source Files</Filter>
    </ClCompile>
    <ClCompile Include="Source\NXBreadcrumbBar.cpp">
      <Filter>Source Files</Filter>
    </ClCompile>
    <ClCompile Include="Source\NXCheckBox.cpp">
      <Filter>Source Files</Filter>
    </ClCompile>
    <ClCompile Include="Source\NXColorDialog.cpp">
      <Filter>Source Files</Filter>
    </ClCompile>
    <ClCompile Include="Source\NXComboBox.cpp">
      <Filter>Source Files</Filter>
    </ClCompile>
    <ClCompile Include="Source\NXContentDialog.cpp">
      <Filter>Source Files</Filter>
    </ClCompile>
    <ClCompile Include="Source\NXEventBus.cpp">
      <Filter>Source Files</Filter>
    </ClCompile>
    <ClCompile Include="Source\NXExponentialBlur.cpp">
      <Filter>Source Files</Filter>
    </ClCompile>
    <ClCompile Include="Source\NXIcon.cpp">
      <Filter>Source Files</Filter>
    </ClCompile>
    <ClCompile Include="Source\NXIconButton.cpp">
      <Filter>Source Files</Filter>
    </ClCompile>
    <ClCompile Include="Source\NXInteractiveCard.cpp">
      <Filter>Source Files</Filter>
    </ClCompile>
    <ClCompile Include="Source\NXLineEdit.cpp">
      <Filter>Source Files</Filter>
    </ClCompile>
    <ClCompile Include="Source\NXMenu.cpp">
      <Filter>Source Files</Filter>
    </ClCompile>
    <ClCompile Include="Source\NXNavigationBar.cpp">
      <Filter>Source Files</Filter>
    </ClCompile>
    <ClCompile Include="Source\NXNavigationRouter.cpp">
      <Filter>Source Files</Filter>
    </ClCompile>
    <ClCompile Include="Source\NXPushButton.cpp">
      <Filter>Source Files</Filter>
    </ClCompile>
    <ClCompile Include="Source\NXRadioButton.cpp">
      <Filter>Source Files</Filter>
    </ClCompile>
    <ClCompile Include="Source\NXScrollArea.cpp">
      <Filter>Source Files</Filter>
    </ClCompile>
    <ClCompile Include="Source\NXScrollBar.cpp">
      <Filter>Source Files</Filter>
    </ClCompile>
    <ClCompile Include="Source\NXScrollPage.cpp">
      <Filter>Source Files</Filter>
    </ClCompile>
    <ClCompile Include="Source\NXScrollPageArea.cpp">
      <Filter>Source Files</Filter>
    </ClCompile>
    <ClCompile Include="Source\NXSharedMemoryManager.cpp">
      <Filter>Source Files</Filter>
    </ClCompile>
    <ClCompile Include="Source\NXSlider.cpp">
      <Filter>Source Files</Filter>
    </ClCompile>
    <ClCompile Include="Source\NXSpinBox.cpp">
      <Filter>Source Files</Filter>
    </ClCompile>
    <ClCompile Include="Source\NXSuggestBox.cpp">
      <Filter>Source Files</Filter>
    </ClCompile>
    <ClCompile Include="Source\NXTabBar.cpp">
      <Filter>Source Files</Filter>
    </ClCompile>
    <ClCompile Include="Source\NXTableView.cpp">
      <Filter>Source Files</Filter>
    </ClCompile>
    <ClCompile Include="Source\NXTabWidget.cpp">
      <Filter>Source Files</Filter>
    </ClCompile>
    <ClCompile Include="Source\NXText.cpp">
      <Filter>Source Files</Filter>
    </ClCompile>
    <ClCompile Include="Source\NXTheme.cpp">
      <Filter>Source Files</Filter>
    </ClCompile>
    <ClCompile Include="Source\NXToggleButton.cpp">
      <Filter>Source Files</Filter>
    </ClCompile>
    <ClCompile Include="Source\NXToggleSwitch.cpp">
      <Filter>Source Files</Filter>
    </ClCompile>
    <ClCompile Include="Source\NXToolButton.cpp">
      <Filter>Source Files</Filter>
    </ClCompile>
    <ClCompile Include="Source\NXToolTip.cpp">
      <Filter>Source Files</Filter>
    </ClCompile>
    <ClCompile Include="Source\NXWidget.cpp">
      <Filter>Source Files</Filter>
    </ClCompile>
    <ClCompile Include="Source\NXWindow.cpp">
      <Filter>Source Files</Filter>
    </ClCompile>
    <ClCompile Include="Source\DeveloperComponents\NXBaseListView.cpp">
      <Filter>Source Files</Filter>
    </ClCompile>
    <ClCompile Include="Source\DeveloperComponents\NXBreadcrumbBarDelegate.cpp">
      <Filter>Source Files</Filter>
    </ClCompile>
    <ClCompile Include="Source\DeveloperComponents\NXBreadcrumbBarModel.cpp">
      <Filter>Source Files</Filter>
    </ClCompile>
    <ClCompile Include="Source\DeveloperComponents\NXCentralStackedWidget.cpp">
      <Filter>Source Files</Filter>
    </ClCompile>
    <ClCompile Include="Source\DeveloperComponents\NXCheckBoxStyle.cpp">
      <Filter>Source Files</Filter>
    </ClCompile>
    <ClCompile Include="Source\DeveloperComponents\NXColorDisplayDelegate.cpp">
      <Filter>Source Files</Filter>
    </ClCompile>
    <ClCompile Include="Source\DeveloperComponents\NXColorDisplayModel.cpp">
      <Filter>Source Files</Filter>
    </ClCompile>
    <ClCompile Include="Source\DeveloperComponents\NXColorPicker.cpp">
      <Filter>Source Files</Filter>
    </ClCompile>
    <ClCompile Include="Source\DeveloperComponents\NXColorPreview.cpp">
      <Filter>Source Files</Filter>
    </ClCompile>
    <ClCompile Include="Source\DeveloperComponents\NXColorValueSliderStyle.cpp">
      <Filter>Source Files</Filter>
    </ClCompile>
    <ClCompile Include="Source\DeveloperComponents\NXComboBoxStyle.cpp">
      <Filter>Source Files</Filter>
    </ClCompile>
    <ClCompile Include="Source\DeveloperComponents\NXComboBoxView.cpp">
      <Filter>Source Files</Filter>
    </ClCompile>
    <ClCompile Include="Source\DeveloperComponents\NXCustomTabWidget.cpp">
      <Filter>Source Files</Filter>
    </ClCompile>
    <ClCompile Include="Source\DeveloperComponents\NXCustomWidget.cpp">
      <Filter>Source Files</Filter>
    </ClCompile>
    <ClCompile Include="Source\DeveloperComponents\NXFooterDelegate.cpp">
      <Filter>Source Files</Filter>
    </ClCompile>
    <ClCompile Include="Source\DeveloperComponents\NXFooterModel.cpp">
      <Filter>Source Files</Filter>
    </ClCompile>
    <ClCompile Include="Source\DeveloperComponents\NXIntValidator.cpp">
      <Filter>Source Files</Filter>
    </ClCompile>
    <ClCompile Include="Source\DeveloperComponents\NXLineEditStyle.cpp">
      <Filter>Source Files</Filter>
    </ClCompile>
    <ClCompile Include="Source\DeveloperComponents\NXMaskWidget.cpp">
      <Filter>Source Files</Filter>
    </ClCompile>
    <ClCompile Include="Source\DeveloperComponents\NXMenuStyle.cpp">
      <Filter>Source Files</Filter>
    </ClCompile>
    <ClCompile Include="Source\DeveloperComponents\NXMicaBaseInitObject.cpp">
      <Filter>Source Files</Filter>
    </ClCompile>
    <ClCompile Include="Source\DeveloperComponents\NXNavigationModel.cpp">
      <Filter>Source Files</Filter>
    </ClCompile>
    <ClCompile Include="Source\DeveloperComponents\NXNavigationNode.cpp">
      <Filter>Source Files</Filter>
    </ClCompile>
    <ClCompile Include="Source\DeveloperComponents\NXNavigationStyle.cpp">
      <Filter>Source Files</Filter>
    </ClCompile>
    <ClCompile Include="Source\DeveloperComponents\NXNavigationView.cpp">
      <Filter>Source Files</Filter>
    </ClCompile>
    <ClCompile Include="Source\DeveloperComponents\NXRadioButtonStyle.cpp">
      <Filter>Source Files</Filter>
    </ClCompile>
    <ClCompile Include="Source\DeveloperComponents\NXScrollBarStyle.cpp">
      <Filter>Source Files</Filter>
    </ClCompile>
    <ClCompile Include="Source\DeveloperComponents\NXSliderStyle.cpp">
      <Filter>Source Files</Filter>
    </ClCompile>
    <ClCompile Include="Source\DeveloperComponents\NXSpinBoxStyle.cpp">
      <Filter>Source Files</Filter>
    </ClCompile>
    <ClCompile Include="Source\DeveloperComponents\NXSuggestBoxSearchViewContainer.cpp">
      <Filter>Source Files</Filter>
    </ClCompile>
    <ClCompile Include="Source\DeveloperComponents\NXSuggestDelegate.cpp">
      <Filter>Source Files</Filter>
    </ClCompile>
    <ClCompile Include="Source\DeveloperComponents\NXSuggestModel.cpp">
      <Filter>Source Files</Filter>
    </ClCompile>
    <ClCompile Include="Source\DeveloperComponents\NXTabBarStyle.cpp">
      <Filter>Source Files</Filter>
    </ClCompile>
    <ClCompile Include="Source\DeveloperComponents\NXTableViewStyle.cpp">
      <Filter>Source Files</Filter>
    </ClCompile>
    <ClCompile Include="Source\DeveloperComponents\NXThemeAnimationWidget.cpp">
      <Filter>Source Files</Filter>
    </ClCompile>
    <ClCompile Include="Source\DeveloperComponents\NXToolButtonStyle.cpp">
      <Filter>Source Files</Filter>
    </ClCompile>
    <ClCompile Include="Source\DeveloperComponents\NXWindowStyle.cpp">
      <Filter>Source Files</Filter>
    </ClCompile>
    <ClCompile Include="Source\private\NXAppBarPrivate.cpp">
      <Filter>Source Files</Filter>
    </ClCompile>
    <ClCompile Include="Source\private\NXApplicationPrivate.cpp">
      <Filter>Source Files</Filter>
    </ClCompile>
    <ClCompile Include="Source\private\NXBreadcrumbBarPrivate.cpp">
      <Filter>Source Files</Filter>
    </ClCompile>
    <ClCompile Include="Source\private\NXCheckBoxPrivate.cpp">
      <Filter>Source Files</Filter>
    </ClCompile>
    <ClCompile Include="Source\private\NXColorDialogPrivate.cpp">
      <Filter>Source Files</Filter>
    </ClCompile>
    <ClCompile Include="Source\private\NXComboBoxPrivate.cpp">
      <Filter>Source Files</Filter>
    </ClCompile>
    <ClCompile Include="Source\private\NXContentDialogPrivate.cpp">
      <Filter>Source Files</Filter>
    </ClCompile>
    <ClCompile Include="Source\private\NXEventBusPrivate.cpp">
      <Filter>Source Files</Filter>
    </ClCompile>
    <ClCompile Include="Source\private\NXExponentialBlurPrivate.cpp">
      <Filter>Source Files</Filter>
    </ClCompile>
    <ClCompile Include="Source\private\NXIconButtonPrivate.cpp">
      <Filter>Source Files</Filter>
    </ClCompile>
    <ClCompile Include="Source\private\NXInteractiveCardPrivate.cpp">
      <Filter>Source Files</Filter>
    </ClCompile>
    <ClCompile Include="Source\private\NXLineEditPrivate.cpp">
      <Filter>Source Files</Filter>
    </ClCompile>
    <ClCompile Include="Source\private\NXMenuPrivate.cpp">
      <Filter>Source Files</Filter>
    </ClCompile>
    <ClCompile Include="Source\private\NXNavigationBarPrivate.cpp">
      <Filter>Source Files</Filter>
    </ClCompile>
    <ClCompile Include="Source\private\NXNavigationRouterPrivate.cpp">
      <Filter>Source Files</Filter>
    </ClCompile>
    <ClCompile Include="Source\private\NXPushButtonPrivate.cpp">
      <Filter>Source Files</Filter>
    </ClCompile>
    <ClCompile Include="Source\private\NXRadioButtonPrivate.cpp">
      <Filter>Source Files</Filter>
    </ClCompile>
    <ClCompile Include="Source\private\NXScrollAreaPrivate.cpp">
      <Filter>Source Files</Filter>
    </ClCompile>
    <ClCompile Include="Source\private\NXScrollBarPrivate.cpp">
      <Filter>Source Files</Filter>
    </ClCompile>
    <ClCompile Include="Source\private\NXScrollPageAreaPrivate.cpp">
      <Filter>Source Files</Filter>
    </ClCompile>
    <ClCompile Include="Source\private\NXScrollPagePrivate.cpp">
      <Filter>Source Files</Filter>
    </ClCompile>
    <ClCompile Include="Source\private\NXSliderPrivate.cpp">
      <Filter>Source Files</Filter>
    </ClCompile>
    <ClCompile Include="Source\private\NXSpinBoxPrivate.cpp">
      <Filter>Source Files</Filter>
    </ClCompile>
    <ClCompile Include="Source\private\NXSuggestBoxPrivate.cpp">
      <Filter>Source Files</Filter>
    </ClCompile>
    <ClCompile Include="Source\private\NXTabBarPrivate.cpp">
      <Filter>Source Files</Filter>
    </ClCompile>
    <ClCompile Include="Source\private\NXTableViewPrivate.cpp">
      <Filter>Source Files</Filter>
    </ClCompile>
    <ClCompile Include="Source\private\NXTabWidgetPrivate.cpp">
      <Filter>Source Files</Filter>
    </ClCompile>
    <ClCompile Include="Source\private\NXTextPrivate.cpp">
      <Filter>Source Files</Filter>
    </ClCompile>
    <ClCompile Include="Source\private\NXThemePrivate.cpp">
      <Filter>Source Files</Filter>
    </ClCompile>
    <ClCompile Include="Source\private\NXToggleButtonPrivate.cpp">
      <Filter>Source Files</Filter>
    </ClCompile>
    <ClCompile Include="Source\private\NXToggleSwitchPrivate.cpp">
      <Filter>Source Files</Filter>
    </ClCompile>
    <ClCompile Include="Source\private\NXToolButtonPrivate.cpp">
      <Filter>Source Files</Filter>
    </ClCompile>
    <ClCompile Include="Source\private\NXToolTipPrivate.cpp">
      <Filter>Source Files</Filter>
    </ClCompile>
    <ClCompile Include="Source\private\NXWidgetPrivate.cpp">
      <Filter>Source Files</Filter>
    </ClCompile>
    <ClCompile Include="Source\private\NXWindowPrivate.cpp">
      <Filter>Source Files</Filter>
    </ClCompile>
    <ClCompile Include="Example\T_Window.cpp">
      <Filter>Source Files</Filter>
    </ClCompile>
    <ClCompile Include="Source\DeveloperComponents\NXCalendarDelegate.cpp">
      <Filter>Source Files</Filter>
    </ClCompile>
    <ClCompile Include="Source\DeveloperComponents\NXCalendarModel.cpp">
      <Filter>Source Files</Filter>
    </ClCompile>
    <ClCompile Include="Source\DeveloperComponents\NXCalendarPickerContainer.cpp">
      <Filter>Source Files</Filter>
    </ClCompile>
    <ClCompile Include="Source\DeveloperComponents\NXCalendarTitleDelegate.cpp">
      <Filter>Source Files</Filter>
    </ClCompile>
    <ClCompile Include="Source\DeveloperComponents\NXCalendarTitleModel.cpp">
      <Filter>Source Files</Filter>
    </ClCompile>
    <ClCompile Include="Source\DeveloperComponents\NXDockWidgetTitleBar.cpp">
      <Filter>Source Files</Filter>
    </ClCompile>
    <ClCompile Include="Source\DeveloperComponents\NXDrawerContainer.cpp">
      <Filter>Source Files</Filter>
    </ClCompile>
    <ClCompile Include="Source\DeveloperComponents\NXDrawerHeader.cpp">
      <Filter>Source Files</Filter>
    </ClCompile>
    <ClCompile Include="Source\DeveloperComponents\NXDxgi.cpp">
      <Filter>Source Files</Filter>
    </ClCompile>
    <ClCompile Include="Source\DeveloperComponents\NXKeyBinderContainer.cpp">
      <Filter>Source Files</Filter>
    </ClCompile>
    <ClCompile Include="Source\DeveloperComponents\NXLCDNumberStyle.cpp">
      <Filter>Source Files</Filter>
    </ClCompile>
    <ClCompile Include="Source\DeveloperComponents\NXListViewStyle.cpp">
      <Filter>Source Files</Filter>
    </ClCompile>
    <ClCompile Include="Source\DeveloperComponents\NXMenuBarStyle.cpp">
      <Filter>Source Files</Filter>
    </ClCompile>
    <ClCompile Include="Source\DeveloperComponents\NXPivotModel.cpp">
      <Filter>Source Files</Filter>
    </ClCompile>
    <ClCompile Include="Source\DeveloperComponents\NXPivotStyle.cpp">
      <Filter>Source Files</Filter>
    </ClCompile>
    <ClCompile Include="Source\DeveloperComponents\NXPivotView.cpp">
      <Filter>Source Files</Filter>
    </ClCompile>
    <ClCompile Include="Source\DeveloperComponents\NXPlainTextEditStyle.cpp">
      <Filter>Source Files</Filter>
    </ClCompile>
    <ClCompile Include="Source\DeveloperComponents\NXPopularCardFloater.cpp">
      <Filter>Source Files</Filter>
    </ClCompile>
    <ClCompile Include="Source\DeveloperComponents\NXProgressBarStyle.cpp">
      <Filter>Source Files</Filter>
    </ClCompile>
    <ClCompile Include="Source\DeveloperComponents\NXStatusBarStyle.cpp">
      <Filter>Source Files</Filter>
    </ClCompile>
    <ClCompile Include="Source\DeveloperComponents\NXToolBarStyle.cpp">
      <Filter>Source Files</Filter>
    </ClCompile>
    <ClCompile Include="Source\DeveloperComponents\NXTreeViewStyle.cpp">
      <Filter>Source Files</Filter>
    </ClCompile>
    <ClCompile Include="Source\private\NXAcrylicUrlCardPrivate.cpp">
      <Filter>Source Files</Filter>
    </ClCompile>
    <ClCompile Include="Source\private\NXCalendarPickerPrivate.cpp">
      <Filter>Source Files</Filter>
    </ClCompile>
    <ClCompile Include="Source\private\NXCalendarPrivate.cpp">
      <Filter>Source Files</Filter>
    </ClCompile>
    <ClCompile Include="Source\private\NXDockWidgetPrivate.cpp">
      <Filter>Source Files</Filter>
    </ClCompile>
    <ClCompile Include="Source\private\NXDoubleSpinBoxPrivate.cpp">
      <Filter>Source Files</Filter>
    </ClCompile>
    <ClCompile Include="Source\private\NXDxgiManagerPrivate.cpp">
      <Filter>Source Files</Filter>
    </ClCompile>
    <ClCompile Include="Source\private\NXFlowLayoutPrivate.cpp">
      <Filter>Source Files</Filter>
    </ClCompile>
    <ClCompile Include="Source\private\NXGraphicsItemPrivate.cpp">
      <Filter>Source Files</Filter>
    </ClCompile>
    <ClCompile Include="Source\private\NXGraphicsLineItemPrivate.cpp">
      <Filter>Source Files</Filter>
    </ClCompile>
    <ClCompile Include="Source\private\NXGraphicsScenePrivate.cpp">
      <Filter>Source Files</Filter>
    </ClCompile>
    <ClCompile Include="Source\private\NXGraphicsViewPrivate.cpp">
      <Filter>Source Files</Filter>
    </ClCompile>
    <ClCompile Include="Source\private\NXImageCardPrivate.cpp">
      <Filter>Source Files</Filter>
    </ClCompile>
    <ClCompile Include="Source\private\NXKeyBinderPrivate.cpp">
      <Filter>Source Files</Filter>
    </ClCompile>
    <ClCompile Include="Source\private\NXLCDNumberPrivate.cpp">
      <Filter>Source Files</Filter>
    </ClCompile>
    <ClCompile Include="Source\private\NXListViewPrivate.cpp">
      <Filter>Source Files</Filter>
    </ClCompile>
    <ClCompile Include="Source\private\NXLogPrivate.cpp">
      <Filter>Source Files</Filter>
    </ClCompile>
    <ClCompile Include="Source\private\NXMessageBarPrivate.cpp">
      <Filter>Source Files</Filter>
    </ClCompile>
    <ClCompile Include="Source\private\NXMessageButtonPrivate.cpp">
      <Filter>Source Files</Filter>
    </ClCompile>
    <ClCompile Include="Source\private\NXMultiSelectComboBoxPrivate.cpp">
      <Filter>Source Files</Filter>
    </ClCompile>
    <ClCompile Include="Source\private\NXPivotPrivate.cpp">
      <Filter>Source Files</Filter>
    </ClCompile>
    <ClCompile Include="Source\private\NXPlainTextEditPrivate.cpp">
      <Filter>Source Files</Filter>
    </ClCompile>
    <ClCompile Include="Source\private\NXPopularCardPrivate.cpp">
      <Filter>Source Files</Filter>
    </ClCompile>
    <ClCompile Include="Source\private\NXProgressBarPrivate.cpp">
      <Filter>Source Files</Filter>
    </ClCompile>
    <ClCompile Include="Source\private\NXPromotionCardPrivate.cpp">
      <Filter>Source Files</Filter>
    </ClCompile>
    <ClCompile Include="Source\private\NXPromotionViewPrivate.cpp">
      <Filter>Source Files</Filter>
    </ClCompile>
    <ClCompile Include="Source\private\NXReminderCardPrivate.cpp">
      <Filter>Source Files</Filter>
    </ClCompile>
    <ClCompile Include="Source\private\NXRollerPrivate.cpp">
      <Filter>Source Files</Filter>
    </ClCompile>
    <ClCompile Include="Source\private\NXToolBarPrivate.cpp">
      <Filter>Source Files</Filter>
    </ClCompile>
    <ClCompile Include="Source\private\NXTreeViewPrivate.cpp">
      <Filter>Source Files</Filter>
    </ClCompile>
    <ClCompile Include="Source\NXAcrylicUrlCard.cpp">
      <Filter>Source Files</Filter>
    </ClCompile>
    <ClCompile Include="Source\NXCalendar.cpp">
      <Filter>Source Files</Filter>
    </ClCompile>
    <ClCompile Include="Source\NXCalendarPicker.cpp">
      <Filter>Source Files</Filter>
    </ClCompile>
    <ClCompile Include="Source\NXDockWidget.cpp">
      <Filter>Source Files</Filter>
    </ClCompile>
    <ClCompile Include="Source\NXDoubleSpinBox.cpp">
      <Filter>Source Files</Filter>
    </ClCompile>
    <ClCompile Include="Source\NXDrawerArea.cpp">
      <Filter>Source Files</Filter>
    </ClCompile>
    <ClCompile Include="Source\NXDxgiManager.cpp">
      <Filter>Source Files</Filter>
    </ClCompile>
    <ClCompile Include="Source\NXFlowLayout.cpp">
      <Filter>Source Files</Filter>
    </ClCompile>
    <ClCompile Include="Source\NXGraphicsItem.cpp">
      <Filter>Source Files</Filter>
    </ClCompile>
    <ClCompile Include="Source\NXGraphicsLineItem.cpp">
      <Filter>Source Files</Filter>
    </ClCompile>
    <ClCompile Include="Source\NXGraphicsScene.cpp">
      <Filter>Source Files</Filter>
    </ClCompile>
    <ClCompile Include="Source\NXGraphicsView.cpp">
      <Filter>Source Files</Filter>
    </ClCompile>
    <ClCompile Include="Source\NXImageCard.cpp">
      <Filter>Source Files</Filter>
    </ClCompile>
    <ClCompile Include="Source\NXKeyBinder.cpp">
      <Filter>Source Files</Filter>
    </ClCompile>
    <ClCompile Include="Source\NXLCDNumber.cpp">
      <Filter>Source Files</Filter>
    </ClCompile>
    <ClCompile Include="Source\NXListView.cpp">
      <Filter>Source Files</Filter>
    </ClCompile>
    <ClCompile Include="Source\NXLog.cpp">
      <Filter>Source Files</Filter>
    </ClCompile>
    <ClCompile Include="Source\NXMenuBar.cpp">
      <Filter>Source Files</Filter>
    </ClCompile>
    <ClCompile Include="Source\NXMessageBar.cpp">
      <Filter>Source Files</Filter>
    </ClCompile>
    <ClCompile Include="Source\NXMessageButton.cpp">
      <Filter>Source Files</Filter>
    </ClCompile>
    <ClCompile Include="Source\NXMultiSelectComboBox.cpp">
      <Filter>Source Files</Filter>
    </ClCompile>
    <ClCompile Include="Source\NXPivot.cpp">
      <Filter>Source Files</Filter>
    </ClCompile>
    <ClCompile Include="Source\NXPlainTextEdit.cpp">
      <Filter>Source Files</Filter>
    </ClCompile>
    <ClCompile Include="Source\NXPopularCard.cpp">
      <Filter>Source Files</Filter>
    </ClCompile>
    <ClCompile Include="Source\NXProgressBar.cpp">
      <Filter>Source Files</Filter>
    </ClCompile>
    <ClCompile Include="Source\NXPromotionCard.cpp">
      <Filter>Source Files</Filter>
    </ClCompile>
    <ClCompile Include="Source\NXPromotionView.cpp">
      <Filter>Source Files</Filter>
    </ClCompile>
    <ClCompile Include="Source\NXReminderCard.cpp">
      <Filter>Source Files</Filter>
    </ClCompile>
    <ClCompile Include="Source\NXRoller.cpp">
      <Filter>Source Files</Filter>
    </ClCompile>
    <ClCompile Include="Source\NXStatusBar.cpp">
      <Filter>Source Files</Filter>
    </ClCompile>
    <ClCompile Include="Source\NXToolBar.cpp">
      <Filter>Source Files</Filter>
    </ClCompile>
    <ClCompile Include="Source\NXTreeView.cpp">
      <Filter>Source Files</Filter>
    </ClCompile>
    <ClCompile Include="Source\private\NXDrawerAreaPrivate.cpp">
      <Filter>Source Files</Filter>
    </ClCompile>
  </ItemGroup>
  <ItemGroup>
    <ClInclude Include="Source\include\aesni\aesni-enc-cbc.h">
      <Filter>Header Files</Filter>
    </ClInclude>
    <ClInclude Include="Source\include\aesni\aesni-enc-ecb.h">
      <Filter>Header Files</Filter>
    </ClInclude>
    <ClInclude Include="Source\include\aesni\aesni-key-exp.h">
      <Filter>Header Files</Filter>
    </ClInclude>
    <ClInclude Include="Source\include\aesni\aesni-key-init.h">
      <Filter>Header Files</Filter>
    </ClInclude>
    <ClInclude Include="Source\include\NXIcon.h">
      <Filter>Header Files</Filter>
    </ClInclude>
    <ClInclude Include="Source\include\scienum.h">
      <Filter>Header Files</Filter>
    </ClInclude>
    <ClInclude Include="Source\include\singleton.h">
      <Filter>Header Files</Filter>
    </ClInclude>
    <ClInclude Include="Source\DeveloperComponents\NXWinShadowHelper.h">
      <Filter>Header Files</Filter>
    </ClInclude>
    <ClInclude Include="Source\include\stdafx.h">
      <Filter>Header Files</Filter>
    </ClInclude>
    <ClInclude Include="Source\include\NXGraphicsLineItem.h">
      <Filter>Header Files</Filter>
    </ClInclude>
    <ClInclude Include="Source\private\NXGraphicsLineItemPrivate.h">
      <Filter>Header Files</Filter>
    </ClInclude>
  </ItemGroup>
  <ItemGroup>
    <QtMoc Include="Source\include\NXAdvancedToolButton.h">
      <Filter>Header Files</Filter>
    </QtMoc>
    <QtMoc Include="Source\include\NXAESEncryption.h">
      <Filter>Header Files</Filter>
    </QtMoc>
    <QtMoc Include="Source\include\NXAppBar.h">
      <Filter>Header Files</Filter>
    </QtMoc>
    <QtMoc Include="Source\include\NXApplication.h">
      <Filter>Header Files</Filter>
    </QtMoc>
    <QtMoc Include="Source\include\NXBreadcrumbBar.h">
      <Filter>Header Files</Filter>
    </QtMoc>
    <QtMoc Include="Source\include\NXCheckBox.h">
      <Filter>Header Files</Filter>
    </QtMoc>
    <QtMoc Include="Source\include\NXColorDialog.h">
      <Filter>Header Files</Filter>
    </QtMoc>
    <QtMoc Include="Source\include\NXComboBox.h">
      <Filter>Header Files</Filter>
    </QtMoc>
    <QtMoc Include="Source\include\NXContentDialog.h">
      <Filter>Header Files</Filter>
    </QtMoc>
    <QtMoc Include="Source\include\NXExponentialBlur.h">
      <Filter>Header Files</Filter>
    </QtMoc>
    <QtMoc Include="Source\include\NXIconButton.h">
      <Filter>Header Files</Filter>
    </QtMoc>
    <QtMoc Include="Source\include\NXInteractiveCard.h">
      <Filter>Header Files</Filter>
    </QtMoc>
    <QtMoc Include="Source\include\NXLineEdit.h">
      <Filter>Header Files</Filter>
    </QtMoc>
    <QtMoc Include="Source\include\NXMenu.h">
      <Filter>Header Files</Filter>
    </QtMoc>
    <QtMoc Include="Source\include\NXNavigationBar.h">
      <Filter>Header Files</Filter>
    </QtMoc>
    <QtMoc Include="Source\include\NXNavigationRouter.h">
      <Filter>Header Files</Filter>
    </QtMoc>
    <QtMoc Include="Source\include\NXPushButton.h">
      <Filter>Header Files</Filter>
    </QtMoc>
    <QtMoc Include="Source\include\NXRadioButton.h">
      <Filter>Header Files</Filter>
    </QtMoc>
    <QtMoc Include="Source\include\NXScrollArea.h">
      <Filter>Header Files</Filter>
    </QtMoc>
    <QtMoc Include="Source\include\NXScrollBar.h">
      <Filter>Header Files</Filter>
    </QtMoc>
    <QtMoc Include="Source\include\NXScrollPage.h">
      <Filter>Header Files</Filter>
    </QtMoc>
    <QtMoc Include="Source\include\NXScrollPageArea.h">
      <Filter>Header Files</Filter>
    </QtMoc>
    <QtMoc Include="Source\include\NXSharedMemoryManager.h">
      <Filter>Header Files</Filter>
    </QtMoc>
    <QtMoc Include="Source\include\NXSlider.h">
      <Filter>Header Files</Filter>
    </QtMoc>
    <QtMoc Include="Source\include\NXSpinBox.h">
      <Filter>Header Files</Filter>
    </QtMoc>
    <QtMoc Include="Source\include\NXSuggestBox.h">
      <Filter>Header Files</Filter>
    </QtMoc>
    <QtMoc Include="Source\include\NXTabBar.h">
      <Filter>Header Files</Filter>
    </QtMoc>
    <QtMoc Include="Source\include\NXTableView.h">
      <Filter>Header Files</Filter>
    </QtMoc>
    <QtMoc Include="Source\include\NXTabWidget.h">
      <Filter>Header Files</Filter>
    </QtMoc>
    <QtMoc Include="Source\include\NXText.h">
      <Filter>Header Files</Filter>
    </QtMoc>
    <QtMoc Include="Source\include\NXTheme.h">
      <Filter>Header Files</Filter>
    </QtMoc>
    <QtMoc Include="Source\include\NXToggleButton.h">
      <Filter>Header Files</Filter>
    </QtMoc>
    <QtMoc Include="Source\include\NXToggleSwitch.h">
      <Filter>Header Files</Filter>
    </QtMoc>
    <QtMoc Include="Source\include\NXToolButton.h">
      <Filter>Header Files</Filter>
    </QtMoc>
    <QtMoc Include="Source\include\NXToolTip.h">
      <Filter>Header Files</Filter>
    </QtMoc>
    <QtMoc Include="Source\include\NXWidget.h">
      <Filter>Header Files</Filter>
    </QtMoc>
    <QtMoc Include="Source\include\NXWindow.h">
      <Filter>Header Files</Filter>
    </QtMoc>
    <QtMoc Include="Source\DeveloperComponents\NXBaseListView.h">
      <Filter>Header Files</Filter>
    </QtMoc>
    <QtMoc Include="Source\DeveloperComponents\NXBreadcrumbBarDelegate.h">
      <Filter>Header Files</Filter>
    </QtMoc>
    <QtMoc Include="Source\DeveloperComponents\NXBreadcrumbBarModel.h">
      <Filter>Header Files</Filter>
    </QtMoc>
    <QtMoc Include="Source\DeveloperComponents\NXCentralStackedWidget.h">
      <Filter>Header Files</Filter>
    </QtMoc>
    <QtMoc Include="Source\DeveloperComponents\NXCheckBoxStyle.h">
      <Filter>Header Files</Filter>
    </QtMoc>
    <QtMoc Include="Source\DeveloperComponents\NXColorDisplayDelegate.h">
      <Filter>Header Files</Filter>
    </QtMoc>
    <QtMoc Include="Source\DeveloperComponents\NXColorDisplayModel.h">
      <Filter>Header Files</Filter>
    </QtMoc>
    <QtMoc Include="Source\DeveloperComponents\NXColorPicker.h">
      <Filter>Header Files</Filter>
    </QtMoc>
    <QtMoc Include="Source\DeveloperComponents\NXColorPreview.h">
      <Filter>Header Files</Filter>
    </QtMoc>
    <QtMoc Include="Source\DeveloperComponents\NXColorValueSliderStyle.h">
      <Filter>Header Files</Filter>
    </QtMoc>
    <QtMoc Include="Source\DeveloperComponents\NXComboBoxStyle.h">
      <Filter>Header Files</Filter>
    </QtMoc>
    <QtMoc Include="Source\DeveloperComponents\NXComboBoxView.h">
      <Filter>Header Files</Filter>
    </QtMoc>
    <QtMoc Include="Source\DeveloperComponents\NXCustomTabWidget.h">
      <Filter>Header Files</Filter>
    </QtMoc>
    <QtMoc Include="Source\DeveloperComponents\NXCustomWidget.h">
      <Filter>Header Files</Filter>
    </QtMoc>
    <QtMoc Include="Source\DeveloperComponents\NXFooterDelegate.h">
      <Filter>Header Files</Filter>
    </QtMoc>
    <QtMoc Include="Source\DeveloperComponents\NXFooterModel.h">
      <Filter>Header Files</Filter>
    </QtMoc>
    <QtMoc Include="Source\DeveloperComponents\NXIntValidator.h">
      <Filter>Header Files</Filter>
    </QtMoc>
    <QtMoc Include="Source\DeveloperComponents\NXLineEditStyle.h">
      <Filter>Header Files</Filter>
    </QtMoc>
    <QtMoc Include="Source\DeveloperComponents\NXMaskWidget.h">
      <Filter>Header Files</Filter>
    </QtMoc>
    <QtMoc Include="Source\DeveloperComponents\NXMenuStyle.h">
      <Filter>Header Files</Filter>
    </QtMoc>
    <QtMoc Include="Source\DeveloperComponents\NXMicaBaseInitObject.h">
      <Filter>Header Files</Filter>
    </QtMoc>
    <QtMoc Include="Source\DeveloperComponents\NXNavigationModel.h">
      <Filter>Header Files</Filter>
    </QtMoc>
    <QtMoc Include="Source\DeveloperComponents\NXNavigationNode.h">
      <Filter>Header Files</Filter>
    </QtMoc>
    <QtMoc Include="Source\DeveloperComponents\NXNavigationStyle.h">
      <Filter>Header Files</Filter>
    </QtMoc>
    <QtMoc Include="Source\DeveloperComponents\NXNavigationView.h">
      <Filter>Header Files</Filter>
    </QtMoc>
    <QtMoc Include="Source\DeveloperComponents\NXRadioButtonStyle.h">
      <Filter>Header Files</Filter>
    </QtMoc>
    <QtMoc Include="Source\DeveloperComponents\NXScrollBarStyle.h">
      <Filter>Header Files</Filter>
    </QtMoc>
    <QtMoc Include="Source\DeveloperComponents\NXSliderStyle.h">
      <Filter>Header Files</Filter>
    </QtMoc>
    <QtMoc Include="Source\DeveloperComponents\NXSpinBoxStyle.h">
      <Filter>Header Files</Filter>
    </QtMoc>
    <QtMoc Include="Source\DeveloperComponents\NXSuggestBoxSearchViewContainer.h">
      <Filter>Header Files</Filter>
    </QtMoc>
    <QtMoc Include="Source\DeveloperComponents\NXSuggestDelegate.h">
      <Filter>Header Files</Filter>
    </QtMoc>
    <QtMoc Include="Source\DeveloperComponents\NXSuggestModel.h">
      <Filter>Header Files</Filter>
    </QtMoc>
    <QtMoc Include="Source\DeveloperComponents\NXTabBarStyle.h">
      <Filter>Header Files</Filter>
    </QtMoc>
    <QtMoc Include="Source\DeveloperComponents\NXTableViewStyle.h">
      <Filter>Header Files</Filter>
    </QtMoc>
    <QtMoc Include="Source\DeveloperComponents\NXThemeAnimationWidget.h">
      <Filter>Header Files</Filter>
    </QtMoc>
    <QtMoc Include="Source\DeveloperComponents\NXToolButtonStyle.h">
      <Filter>Header Files</Filter>
    </QtMoc>
    <QtMoc Include="Source\DeveloperComponents\NXWindowStyle.h">
      <Filter>Header Files</Filter>
    </QtMoc>
    <QtMoc Include="Source\private\NXAppBarPrivate.h">
      <Filter>Header Files</Filter>
    </QtMoc>
    <QtMoc Include="Source\private\NXApplicationPrivate.h">
      <Filter>Header Files</Filter>
    </QtMoc>
    <QtMoc Include="Source\private\NXBreadcrumbBarPrivate.h">
      <Filter>Header Files</Filter>
    </QtMoc>
    <QtMoc Include="Source\private\NXCheckBoxPrivate.h">
      <Filter>Header Files</Filter>
    </QtMoc>
    <QtMoc Include="Source\private\NXColorDialogPrivate.h">
      <Filter>Header Files</Filter>
    </QtMoc>
    <QtMoc Include="Source\private\NXComboBoxPrivate.h">
      <Filter>Header Files</Filter>
    </QtMoc>
    <QtMoc Include="Source\private\NXContentDialogPrivate.h">
      <Filter>Header Files</Filter>
    </QtMoc>
    <QtMoc Include="Source\private\NXExponentialBlurPrivate.h">
      <Filter>Header Files</Filter>
    </QtMoc>
    <QtMoc Include="Source\private\NXIconButtonPrivate.h">
      <Filter>Header Files</Filter>
    </QtMoc>
    <QtMoc Include="Source\private\NXInteractiveCardPrivate.h">
      <Filter>Header Files</Filter>
    </QtMoc>
    <QtMoc Include="Source\private\NXLineEditPrivate.h">
      <Filter>Header Files</Filter>
    </QtMoc>
    <QtMoc Include="Source\private\NXMenuPrivate.h">
      <Filter>Header Files</Filter>
    </QtMoc>
    <QtMoc Include="Source\private\NXNavigationBarPrivate.h">
      <Filter>Header Files</Filter>
    </QtMoc>
    <QtMoc Include="Source\private\NXNavigationRouterPrivate.h">
      <Filter>Header Files</Filter>
    </QtMoc>
    <QtMoc Include="Source\private\NXPushButtonPrivate.h">
      <Filter>Header Files</Filter>
    </QtMoc>
    <QtMoc Include="Source\private\NXRadioButtonPrivate.h">
      <Filter>Header Files</Filter>
    </QtMoc>
    <QtMoc Include="Source\private\NXScrollAreaPrivate.h">
      <Filter>Header Files</Filter>
    </QtMoc>
    <QtMoc Include="Source\private\NXScrollBarPrivate.h">
      <Filter>Header Files</Filter>
    </QtMoc>
    <QtMoc Include="Source\private\NXScrollPageAreaPrivate.h">
      <Filter>Header Files</Filter>
    </QtMoc>
    <QtMoc Include="Source\private\NXScrollPagePrivate.h">
      <Filter>Header Files</Filter>
    </QtMoc>
    <QtMoc Include="Source\private\NXSliderPrivate.h">
      <Filter>Header Files</Filter>
    </QtMoc>
    <QtMoc Include="Source\private\NXSpinBoxPrivate.h">
      <Filter>Header Files</Filter>
    </QtMoc>
    <QtMoc Include="Source\private\NXSuggestBoxPrivate.h">
      <Filter>Header Files</Filter>
    </QtMoc>
    <QtMoc Include="Source\private\NXTabBarPrivate.h">
      <Filter>Header Files</Filter>
    </QtMoc>
    <QtMoc Include="Source\private\NXTableViewPrivate.h">
      <Filter>Header Files</Filter>
    </QtMoc>
    <QtMoc Include="Source\private\NXTabWidgetPrivate.h">
      <Filter>Header Files</Filter>
    </QtMoc>
    <QtMoc Include="Source\private\NXTextPrivate.h">
      <Filter>Header Files</Filter>
    </QtMoc>
    <QtMoc Include="Source\private\NXThemePrivate.h">
      <Filter>Header Files</Filter>
    </QtMoc>
    <QtMoc Include="Source\private\NXToggleButtonPrivate.h">
      <Filter>Header Files</Filter>
    </QtMoc>
    <QtMoc Include="Source\private\NXToggleSwitchPrivate.h">
      <Filter>Header Files</Filter>
    </QtMoc>
    <QtMoc Include="Source\private\NXToolButtonPrivate.h">
      <Filter>Header Files</Filter>
    </QtMoc>
    <QtMoc Include="Source\private\NXToolTipPrivate.h">
      <Filter>Header Files</Filter>
    </QtMoc>
    <QtMoc Include="Source\private\NXWidgetPrivate.h">
      <Filter>Header Files</Filter>
    </QtMoc>
    <QtMoc Include="Source\private\NXWindowPrivate.h">
      <Filter>Header Files</Filter>
    </QtMoc>
    <QtMoc Include="Example\T_Window.h">
      <Filter>Header Files</Filter>
    </QtMoc>
    <QtMoc Include="Source\include\NXDef.h">
      <Filter>Header Files</Filter>
    </QtMoc>
    <QtMoc Include="Source\DeveloperComponents\NXCalendarDelegate.h">
      <Filter>Header Files</Filter>
    </QtMoc>
    <QtMoc Include="Source\DeveloperComponents\NXCalendarModel.h">
      <Filter>Header Files</Filter>
    </QtMoc>
    <QtMoc Include="Source\DeveloperComponents\NXCalendarPickerContainer.h">
      <Filter>Header Files</Filter>
    </QtMoc>
    <QtMoc Include="Source\DeveloperComponents\NXCalendarTitleDelegate.h">
      <Filter>Header Files</Filter>
    </QtMoc>
    <QtMoc Include="Source\DeveloperComponents\NXCalendarTitleModel.h">
      <Filter>Header Files</Filter>
    </QtMoc>
    <QtMoc Include="Source\DeveloperComponents\NXDockWidgetTitleBar.h">
      <Filter>Header Files</Filter>
    </QtMoc>
    <QtMoc Include="Source\DeveloperComponents\NXDrawerContainer.h">
      <Filter>Header Files</Filter>
    </QtMoc>
    <QtMoc Include="Source\DeveloperComponents\NXDrawerHeader.h">
      <Filter>Header Files</Filter>
    </QtMoc>
    <QtMoc Include="Source\DeveloperComponents\NXDxgi.h">
      <Filter>Header Files</Filter>
    </QtMoc>
    <QtMoc Include="Source\DeveloperComponents\NXKeyBinderContainer.h">
      <Filter>Header Files</Filter>
    </QtMoc>
    <QtMoc Include="Source\DeveloperComponents\NXLCDNumberStyle.h">
      <Filter>Header Files</Filter>
    </QtMoc>
    <QtMoc Include="Source\DeveloperComponents\NXListViewStyle.h">
      <Filter>Header Files</Filter>
    </QtMoc>
    <QtMoc Include="Source\DeveloperComponents\NXMenuBarStyle.h">
      <Filter>Header Files</Filter>
    </QtMoc>
    <QtMoc Include="Source\DeveloperComponents\NXPivotModel.h">
      <Filter>Header Files</Filter>
    </QtMoc>
    <QtMoc Include="Source\DeveloperComponents\NXPivotStyle.h">
      <Filter>Header Files</Filter>
    </QtMoc>
    <QtMoc Include="Source\DeveloperComponents\NXPivotView.h">
      <Filter>Header Files</Filter>
    </QtMoc>
    <QtMoc Include="Source\DeveloperComponents\NXPlainTextEditStyle.h">
      <Filter>Header Files</Filter>
    </QtMoc>
    <QtMoc Include="Source\DeveloperComponents\NXPopularCardFloater.h">
      <Filter>Header Files</Filter>
    </QtMoc>
    <QtMoc Include="Source\DeveloperComponents\NXProgressBarStyle.h">
      <Filter>Header Files</Filter>
    </QtMoc>
    <QtMoc Include="Source\DeveloperComponents\NXStatusBarStyle.h">
      <Filter>Header Files</Filter>
    </QtMoc>
    <QtMoc Include="Source\DeveloperComponents\NXToolBarStyle.h">
      <Filter>Header Files</Filter>
    </QtMoc>
    <QtMoc Include="Source\DeveloperComponents\NXTreeViewStyle.h">
      <Filter>Header Files</Filter>
    </QtMoc>
    <QtMoc Include="Source\include\NXAcrylicUrlCard.h">
      <Filter>Header Files</Filter>
    </QtMoc>
    <QtMoc Include="Source\include\NXCalendar.h">
      <Filter>Header Files</Filter>
    </QtMoc>
    <QtMoc Include="Source\include\NXCalendarPicker.h">
      <Filter>Header Files</Filter>
    </QtMoc>
    <QtMoc Include="Source\include\NXDockWidget.h">
      <Filter>Header Files</Filter>
    </QtMoc>
    <QtMoc Include="Source\include\NXDoubleSpinBox.h">
      <Filter>Header Files</Filter>
    </QtMoc>
    <QtMoc Include="Source\include\NXDrawerArea.h">
      <Filter>Header Files</Filter>
    </QtMoc>
    <QtMoc Include="Source\include\NXDxgiManager.h">
      <Filter>Header Files</Filter>
    </QtMoc>
    <QtMoc Include="Source\include\NXFlowLayout.h">
      <Filter>Header Files</Filter>
    </QtMoc>
    <QtMoc Include="Source\include\NXGraphicsItem.h">
      <Filter>Header Files</Filter>
    </QtMoc>
    <QtMoc Include="Source\include\NXGraphicsScene.h">
      <Filter>Header Files</Filter>
    </QtMoc>
    <QtMoc Include="Source\include\NXGraphicsView.h">
      <Filter>Header Files</Filter>
    </QtMoc>
    <QtMoc Include="Source\include\NXImageCard.h">
      <Filter>Header Files</Filter>
    </QtMoc>
    <QtMoc Include="Source\include\NXKeyBinder.h">
      <Filter>Header Files</Filter>
    </QtMoc>
    <QtMoc Include="Source\include\NXLCDNumber.h">
      <Filter>Header Files</Filter>
    </QtMoc>
    <QtMoc Include="Source\include\NXListView.h">
      <Filter>Header Files</Filter>
    </QtMoc>
    <QtMoc Include="Source\include\NXLog.h">
      <Filter>Header Files</Filter>
    </QtMoc>
    <QtMoc Include="Source\include\NXMenuBar.h">
      <Filter>Header Files</Filter>
    </QtMoc>
    <QtMoc Include="Source\include\NXMessageBar.h">
      <Filter>Header Files</Filter>
    </QtMoc>
    <QtMoc Include="Source\include\NXMessageButton.h">
      <Filter>Header Files</Filter>
    </QtMoc>
    <QtMoc Include="Source\include\NXMultiSelectComboBox.h">
      <Filter>Header Files</Filter>
    </QtMoc>
    <QtMoc Include="Source\include\NXPivot.h">
      <Filter>Header Files</Filter>
    </QtMoc>
    <QtMoc Include="Source\include\NXPlainTextEdit.h">
      <Filter>Header Files</Filter>
    </QtMoc>
    <QtMoc Include="Source\include\NXPopularCard.h">
      <Filter>Header Files</Filter>
    </QtMoc>
    <QtMoc Include="Source\include\NXProgressBar.h">
      <Filter>Header Files</Filter>
    </QtMoc>
    <QtMoc Include="Source\include\NXPromotionCard.h">
      <Filter>Header Files</Filter>
    </QtMoc>
    <QtMoc Include="Source\include\NXPromotionView.h">
      <Filter>Header Files</Filter>
    </QtMoc>
    <QtMoc Include="Source\include\NXReminderCard.h">
      <Filter>Header Files</Filter>
    </QtMoc>
    <QtMoc Include="Source\include\NXRoller.h">
      <Filter>Header Files</Filter>
    </QtMoc>
    <QtMoc Include="Source\include\NXStatusBar.h">
      <Filter>Header Files</Filter>
    </QtMoc>
    <QtMoc Include="Source\include\NXToolBar.h">
      <Filter>Header Files</Filter>
    </QtMoc>
    <QtMoc Include="Source\include\NXTreeView.h">
      <Filter>Header Files</Filter>
    </QtMoc>
    <QtMoc Include="Source\private\NXAcrylicUrlCardPrivate.h">
      <Filter>Header Files</Filter>
    </QtMoc>
    <QtMoc Include="Source\private\NXCalendarPickerPrivate.h">
      <Filter>Header Files</Filter>
    </QtMoc>
    <QtMoc Include="Source\private\NXCalendarPrivate.h">
      <Filter>Header Files</Filter>
    </QtMoc>
    <QtMoc Include="Source\private\NXDockWidgetPrivate.h">
      <Filter>Header Files</Filter>
    </QtMoc>
    <QtMoc Include="Source\private\NXDoubleSpinBoxPrivate.h">
      <Filter>Header Files</Filter>
    </QtMoc>
    <QtMoc Include="Source\private\NXDxgiManagerPrivate.h">
      <Filter>Header Files</Filter>
    </QtMoc>
    <QtMoc Include="Source\private\NXFlowLayoutPrivate.h">
      <Filter>Header Files</Filter>
    </QtMoc>
    <QtMoc Include="Source\private\NXGraphicsItemPrivate.h">
      <Filter>Header Files</Filter>
    </QtMoc>
    <QtMoc Include="Source\private\NXGraphicsScenePrivate.h">
      <Filter>Header Files</Filter>
    </QtMoc>
    <QtMoc Include="Source\private\NXGraphicsViewPrivate.h">
      <Filter>Header Files</Filter>
    </QtMoc>
    <QtMoc Include="Source\private\NXImageCardPrivate.h">
      <Filter>Header Files</Filter>
    </QtMoc>
    <QtMoc Include="Source\private\NXKeyBinderPrivate.h">
      <Filter>Header Files</Filter>
    </QtMoc>
    <QtMoc Include="Source\private\NXLCDNumberPrivate.h">
      <Filter>Header Files</Filter>
    </QtMoc>
    <QtMoc Include="Source\private\NXListViewPrivate.h">
      <Filter>Header Files</Filter>
    </QtMoc>
    <QtMoc Include="Source\private\NXLogPrivate.h">
      <Filter>Header Files</Filter>
    </QtMoc>
    <QtMoc Include="Source\private\NXMessageBarPrivate.h">
      <Filter>Header Files</Filter>
    </QtMoc>
    <QtMoc Include="Source\private\NXMessageButtonPrivate.h">
      <Filter>Header Files</Filter>
    </QtMoc>
    <QtMoc Include="Source\private\NXMultiSelectComboBoxPrivate.h">
      <Filter>Header Files</Filter>
    </QtMoc>
    <QtMoc Include="Source\private\NXPivotPrivate.h">
      <Filter>Header Files</Filter>
    </QtMoc>
    <QtMoc Include="Source\private\NXPlainTextEditPrivate.h">
      <Filter>Header Files</Filter>
    </QtMoc>
    <QtMoc Include="Source\private\NXPopularCardPrivate.h">
      <Filter>Header Files</Filter>
    </QtMoc>
    <QtMoc Include="Source\private\NXProgressBarPrivate.h">
      <Filter>Header Files</Filter>
    </QtMoc>
    <QtMoc Include="Source\private\NXPromotionCardPrivate.h">
      <Filter>Header Files</Filter>
    </QtMoc>
    <QtMoc Include="Source\private\NXPromotionViewPrivate.h">
      <Filter>Header Files</Filter>
    </QtMoc>
    <QtMoc Include="Source\private\NXReminderCardPrivate.h">
      <Filter>Header Files</Filter>
    </QtMoc>
    <QtMoc Include="Source\private\NXRollerPrivate.h">
      <Filter>Header Files</Filter>
    </QtMoc>
    <QtMoc Include="Source\private\NXToolBarPrivate.h">
      <Filter>Header Files</Filter>
    </QtMoc>
    <QtMoc Include="Source\private\NXTreeViewPrivate.h">
      <Filter>Header Files</Filter>
    </QtMoc>
    <QtMoc Include="Source\private\NXDrawerAreaPrivate.h">
      <Filter>Header Files</Filter>
    </QtMoc>
    <QtMoc Include="Source\private\NXEventBusPrivate.h">
      <Filter>Header Files</Filter>
    </QtMoc>
    <QtMoc Include="Source\include\NXEventBus.h">
      <Filter>Header Files</Filter>
    </QtMoc>
  </ItemGroup>
</Project>