<?xml version="1.0" encoding="utf-8"?>
<Project ToolsVersion="4.0" xmlns="http://schemas.microsoft.com/developer/msbuild/2003">
  <ItemGroup>
    <Filter Include="Source Files">
      <UniqueIdentifier>{4FC737F1-C7A5-4376-A066-2A32D752A2FF}</UniqueIdentifier>
      <Extensions>qml;cpp;c;cc;cxx;def;odl;idl;hpj;bat;asm;asmx</Extensions>
    </Filter>
    <Filter Include="Header Files">
      <UniqueIdentifier>{93995380-89BD-4b04-88EB-625FBE52EBFB}</UniqueIdentifier>
      <Extensions>h;hh;hpp;hxx;hm;inl;inc;xsd</Extensions>
    </Filter>
    <Filter Include="Resource Files">
      <UniqueIdentifier>{67DA6AB6-F800-4c08-8B7A-83BB121AAD01}</UniqueIdentifier>
      <Extensions>qrc;rc;ico;cur;bmp;dlg;rc2;rct;bin;rgs;gif;jpg;jpeg;jpe;resx;tiff;tif;png;wav;mfcribbon-ms</Extensions>
    </Filter>
    <Filter Include="Form Files">
      <UniqueIdentifier>{99349809-55BA-4b9d-BF79-8FDBB0286EB3}</UniqueIdentifier>
      <Extensions>ui</Extensions>
    </Filter>
    <Filter Include="Translation Files">
      <UniqueIdentifier>{639EADAA-A684-42e4-A9AD-28FC9BCB8F7C}</UniqueIdentifier>
      <Extensions>ts</Extensions>
    </Filter>
  </ItemGroup>
  <ItemGroup>
    <QtRcc Include="Resources\NexUsExample.qrc">
      <Filter>Resource Files</Filter>
    </QtRcc>
    <QtUic Include="UI\NexUsExample.ui">
      <Filter>Form Files</Filter>
    </QtUic>
    <QtRcc Include="NexUsExample.qrc">
      <Filter>Resource Files</Filter>
    </QtRcc>
  </ItemGroup>
  <ItemGroup>
    <ClCompile Include="main.cpp">
      <Filter>Source Files</Filter>
    </ClCompile>
    <ClCompile Include="Source\mainwindow.cpp">
      <Filter>Source Files</Filter>
    </ClCompile>
    <ClCompile Include="Source\ModelView\T_IconDelegate.cpp">
      <Filter>Source Files</Filter>
    </ClCompile>
    <ClCompile Include="Source\ModelView\T_IconModel.cpp">
      <Filter>Source Files</Filter>
    </ClCompile>
    <ClCompile Include="Source\ModelView\T_ListViewModel.cpp">
      <Filter>Source Files</Filter>
    </ClCompile>
    <ClCompile Include="Source\ModelView\T_LogModel.cpp">
      <Filter>Source Files</Filter>
    </ClCompile>
    <ClCompile Include="Source\ModelView\T_TableViewModel.cpp">
      <Filter>Source Files</Filter>
    </ClCompile>
    <ClCompile Include="Source\ModelView\T_TreeItem.cpp">
      <Filter>Source Files</Filter>
    </ClCompile>
    <ClCompile Include="Source\ModelView\T_TreeViewModel.cpp">
      <Filter>Source Files</Filter>
    </ClCompile>
    <ClCompile Include="Source\ExamplePage\T_About.cpp">
      <Filter>Source Files</Filter>
    </ClCompile>
    <ClCompile Include="Source\ExamplePage\T_BaseComponents.cpp">
      <Filter>Source Files</Filter>
    </ClCompile>
    <ClCompile Include="Source\ExamplePage\T_BasePage.cpp">
      <Filter>Source Files</Filter>
    </ClCompile>
    <ClCompile Include="Source\ExamplePage\T_Card.cpp">
      <Filter>Source Files</Filter>
    </ClCompile>
    <ClCompile Include="Source\ExamplePage\T_Graphics.cpp">
      <Filter>Source Files</Filter>
    </ClCompile>
    <ClCompile Include="Source\ExamplePage\T_Home.cpp">
      <Filter>Source Files</Filter>
    </ClCompile>
    <ClCompile Include="Source\ExamplePage\T_Icon.cpp">
      <Filter>Source Files</Filter>
    </ClCompile>
    <ClCompile Include="Source\ExamplePage\T_ListView.cpp">
      <Filter>Source Files</Filter>
    </ClCompile>
    <ClCompile Include="Source\ExamplePage\T_LogWidget.cpp">
      <Filter>Source Files</Filter>
    </ClCompile>
    <ClCompile Include="Source\ExamplePage\T_Navigation.cpp">
      <Filter>Source Files</Filter>
    </ClCompile>
    <ClCompile Include="Source\ExamplePage\T_NXPacketIO.cpp">
      <Filter>Source Files</Filter>
    </ClCompile>
    <ClCompile Include="Source\ExamplePage\T_NXScreen.cpp">
      <Filter>Source Files</Filter>
    </ClCompile>
    <ClCompile Include="Source\ExamplePage\T_Popup.cpp">
      <Filter>Source Files</Filter>
    </ClCompile>
    <ClCompile Include="Source\ExamplePage\T_RecvScreen.cpp">
      <Filter>Source Files</Filter>
    </ClCompile>
    <ClCompile Include="Source\ExamplePage\T_Setting.cpp">
      <Filter>Source Files</Filter>
    </ClCompile>
    <ClCompile Include="Source\ExamplePage\T_TableView.cpp">
      <Filter>Source Files</Filter>
    </ClCompile>
    <ClCompile Include="Source\ExamplePage\T_TreeView.cpp">
      <Filter>Source Files</Filter>
    </ClCompile>
    <ClCompile Include="Source\ExamplePage\T_UpdateWidget.cpp">
      <Filter>Source Files</Filter>
    </ClCompile>
    <ClCompile Include="Source\PWEditorWindow.cpp">
      <Filter>Source Files</Filter>
    </ClCompile>
    <ClCompile Include="Source\PWNewPdfTabWidget.cpp">
      <Filter>Source Files</Filter>
    </ClCompile>
  </ItemGroup>
  <ItemGroup>
    <QtMoc Include="Source\mainwindow.h">
      <Filter>Header Files</Filter>
    </QtMoc>
    <QtMoc Include="Source\ModelView\T_IconDelegate.h">
      <Filter>Header Files</Filter>
    </QtMoc>
    <QtMoc Include="Source\ModelView\T_IconModel.h">
      <Filter>Header Files</Filter>
    </QtMoc>
    <QtMoc Include="Source\ModelView\T_ListViewModel.h">
      <Filter>Header Files</Filter>
    </QtMoc>
    <QtMoc Include="Source\ModelView\T_LogModel.h">
      <Filter>Header Files</Filter>
    </QtMoc>
    <QtMoc Include="Source\ModelView\T_TableViewModel.h">
      <Filter>Header Files</Filter>
    </QtMoc>
    <QtMoc Include="Source\ModelView\T_TreeItem.h">
      <Filter>Header Files</Filter>
    </QtMoc>
    <QtMoc Include="Source\ModelView\T_TreeViewModel.h">
      <Filter>Header Files</Filter>
    </QtMoc>
    <QtMoc Include="Source\ExamplePage\T_About.h">
      <Filter>Header Files</Filter>
    </QtMoc>
    <QtMoc Include="Source\ExamplePage\T_BaseComponents.h">
      <Filter>Header Files</Filter>
    </QtMoc>
    <QtMoc Include="Source\ExamplePage\T_BasePage.h">
      <Filter>Header Files</Filter>
    </QtMoc>
    <QtMoc Include="Source\ExamplePage\T_Card.h">
      <Filter>Header Files</Filter>
    </QtMoc>
    <QtMoc Include="Source\ExamplePage\T_Graphics.h">
      <Filter>Header Files</Filter>
    </QtMoc>
    <QtMoc Include="Source\ExamplePage\T_Home.h">
      <Filter>Header Files</Filter>
    </QtMoc>
    <QtMoc Include="Source\ExamplePage\T_Icon.h">
      <Filter>Header Files</Filter>
    </QtMoc>
    <QtMoc Include="Source\ExamplePage\T_ListView.h">
      <Filter>Header Files</Filter>
    </QtMoc>
    <QtMoc Include="Source\ExamplePage\T_LogWidget.h">
      <Filter>Header Files</Filter>
    </QtMoc>
    <QtMoc Include="Source\ExamplePage\T_Navigation.h">
      <Filter>Header Files</Filter>
    </QtMoc>
    <QtMoc Include="Source\ExamplePage\T_Popup.h">
      <Filter>Header Files</Filter>
    </QtMoc>
    <QtMoc Include="Source\ExamplePage\T_RecvScreen.h">
      <Filter>Header Files</Filter>
    </QtMoc>
    <QtMoc Include="Source\ExamplePage\T_Setting.h">
      <Filter>Header Files</Filter>
    </QtMoc>
    <QtMoc Include="Source\ExamplePage\T_TableView.h">
      <Filter>Header Files</Filter>
    </QtMoc>
    <QtMoc Include="Source\ExamplePage\T_TreeView.h">
      <Filter>Header Files</Filter>
    </QtMoc>
    <QtMoc Include="Source\ExamplePage\T_UpdateWidget.h">
      <Filter>Header Files</Filter>
    </QtMoc>
    <QtMoc Include="Source\PWEditorWindow.h">
      <Filter>Header Files</Filter>
    </QtMoc>
    <QtMoc Include="Source\PWNewPdfTabWidget.h">
      <Filter>Header Files</Filter>
    </QtMoc>
  </ItemGroup>
  <ItemGroup>
    <ClInclude Include="Source\ExamplePage\T_NXPacketIO.h">
      <Filter>Header Files</Filter>
    </ClInclude>
    <ClInclude Include="Source\ExamplePage\T_NXScreen.h">
      <Filter>Header Files</Filter>
    </ClInclude>
    <ClInclude Include="Source\Core\QBiDirectionalHash.hpp">
      <Filter>Header Files</Filter>
    </ClInclude>
  </ItemGroup>
</Project>